
Microsoft Visual Studio Solution File, Format Version 12.00
# Visual Studio 15
VisualStudioVersion = 15.0.26403.7
MinimumVisualStudioVersion = 10.0.40219.1
Project("{FAE04EC0-301F-11D3-BF4B-00C04F79EFBC}") = "Loyalty", "Loyalty\Loyalty.csproj", "{557BB4CC-CC8D-4DB4-9F8C-0A0713A0137C}"
EndProject
Project("{FAE04EC0-301F-11D3-BF4B-00C04F79EFBC}") = "Engine", "Engine\Engine.csproj", "{81B8C953-8FB4-4C14-A643-3E851CA2387C}"
EndProject
Global
	GlobalSection(SolutionConfigurationPlatforms) = preSolution
		Debug|Any CPU = Debug|Any CPU
		Release|Any CPU = Release|Any CPU
	EndGlobalSection
	GlobalSection(ProjectConfigurationPlatforms) = postSolution
		{557BB4CC-CC8D-4DB4-9F8C-0A0713A0137C}.Debug|Any CPU.ActiveCfg = Debug|Any CPU
		{557BB4CC-CC8D-4DB4-9F8C-0A0713A0137C}.Debug|Any CPU.Build.0 = Debug|Any CPU
		{557BB4CC-CC8D-4DB4-9F8C-0A0713A0137C}.Release|Any CPU.ActiveCfg = Release|Any CPU
		{557BB4CC-CC8D-4DB4-9F8C-0A0713A0137C}.Release|Any CPU.Build.0 = Release|Any CPU
		{81B8C953-8FB4-4C14-A643-3E851CA2387C}.Debug|Any CPU.ActiveCfg = Debug|Any CPU
		{81B8C953-8FB4-4C14-A643-3E851CA2387C}.Debug|Any CPU.Build.0 = Debug|Any CPU
		{81B8C953-8FB4-4C14-A643-3E851CA2387C}.Release|Any CPU.ActiveCfg = Release|Any CPU
		{81B8C953-8FB4-4C14-A643-3E851CA2387C}.Release|Any CPU.Build.0 = Release|Any CPU
	EndGlobalSection
	GlobalSection(SolutionProperties) = preSolution
		HideSolutionNode = FALSE
	EndGlobalSection
EndGlobal
